
Microsoft Visual Studio Solution File, Format Version 12.00
# Visual Studio Version 16
VisualStudioVersion = 16.0.31727.386
MinimumVisualStudioVersion = 10.0.40219.1
Project("{FAE04EC0-301F-11D3-BF4B-00C04F79EFBC}") = "OnlineCakeShop", "OnlineCakeShop\OnlineCakeShop.csproj", "{44154022-7EA3-4859-B3C8-F00F3CB179D7}"
EndProject
Global
	GlobalSection(SolutionConfigurationPlatforms) = preSolution
		Debug|Any CPU = Debug|Any CPU
		Release|Any CPU = Release|Any CPU
	EndGlobalSection
	GlobalSection(ProjectConfigurationPlatforms) = postSolution
		{44154022-7EA3-4859-B3C8-F00F3CB179D7}.Debug|Any CPU.ActiveCfg = Debug|Any CPU
		{44154022-7EA3-4859-B3C8-F00F3CB179D7}.Debug|Any CPU.Build.0 = Debug|Any CPU
		{44154022-7EA3-4859-B3C8-F00F3CB179D7}.Release|Any CPU.ActiveCfg = Release|Any CPU
		{44154022-7EA3-4859-B3C8-F00F3CB179D7}.Release|Any CPU.Build.0 = Release|Any CPU
	EndGlobalSection
	GlobalSection(SolutionProperties) = preSolution
		HideSolutionNode = FALSE
	EndGlobalSection
	GlobalSection(ExtensibilityGlobals) = postSolution
		SolutionGuid = {9D13F664-BB8B-4465-982C-4EADE5A0F732}
	EndGlobalSection
EndGlobal
